
Microsoft Visual Studio Solution File, Format Version 12.00
# Visual Studio Version 17
VisualStudioVersion = 17.14.36221.1 d17.14
MinimumVisualStudioVersion = 10.0.40219.1
Project("{FAE04EC0-301F-11D3-BF4B-00C04F79EFBC}") = "ApklisLicenseValidator", "ApklisLicenseValidator\ApklisLicenseValidator.csproj", "{EA980580-E86D-4E47-A62A-5379A93F238A}"
EndProject
Global
	GlobalSection(SolutionConfigurationPlatforms) = preSolution
		Debug|Any CPU = Debug|Any CPU
		Release|Any CPU = Release|Any CPU
	EndGlobalSection
	GlobalSection(ProjectConfigurationPlatforms) = postSolution
		{EA980580-E86D-4E47-A62A-5379A93F238A}.Debug|Any CPU.ActiveCfg = Debug|Any CPU
		{EA980580-E86D-4E47-A62A-5379A93F238A}.Debug|Any CPU.Build.0 = Debug|Any CPU
		{EA980580-E86D-4E47-A62A-5379A93F238A}.Release|Any CPU.ActiveCfg = Release|Any CPU
		{EA980580-E86D-4E47-A62A-5379A93F238A}.Release|Any CPU.Build.0 = Release|Any CPU
	EndGlobalSection
	GlobalSection(SolutionProperties) = preSolution
		HideSolutionNode = FALSE
	EndGlobalSection
	GlobalSection(ExtensibilityGlobals) = postSolution
		SolutionGuid = {26645E36-0D84-491B-BD71-0FF124371639}
	EndGlobalSection
EndGlobal
